{
  "nodes": {
    "anthropic-skills": {
      "flake": false,
      "locked": {
        "lastModified": 1784923954,
        "narHash": "sha256-RH2B03gj4kzw1j5LORezgUZPPu8mW+mWb+Kl2U7WUbY=",
        "owner": "anthropics",
        "repo": "skills",
        "rev": "b29e7cf65e5cb78a5ac33d582270551bc74a14eb",
        "type": "github"
      },
      "original": {
        "owner": "anthropics",
        "repo": "skills",
        "type": "github"
      }
    },
    "flake-utils": {
      "inputs": {
        "systems": "systems"
      },
      "locked": {
        "lastModified": 1731533236,
        "narHash": "sha256-l0KFg5HjrsfsO/JpG+r7fRrqm12kzFHyUHqHCVpMMbI=",
        "owner": "numtide",
        "repo": "flake-utils",
        "rev": "11707dc2f618dd54ca8739b309ec4fc024de578b",
        "type": "github"
      },
      "original": {
        "owner": "numtide",
        "repo": "flake-utils",
        "type": "github"
      }
    },
    "matt-pocock-skills": {
      "flake": false,
      "locked": {
        "lastModified": 1785230297,
        "narHash": "sha256-dQtG6usJWlg/FqTajrjcs8GSdymH92WsgLiUaCfvKPA=",
        "owner": "mattpocock",
        "repo": "skills",
        "rev": "2ab958093e83e0ec752e6c1c5932da465bf23e0c",
        "type": "github"
      },
      "original": {
        "owner": "mattpocock",
        "repo": "skills",
        "type": "github"
      }
    },
    "nixpkgs": {
      "locked": {
        "lastModified": 1785747939,
        "narHash": "sha256-D740uKsMbgsfK2oaDenJLLPIZfq7W0/g4KN/Fls8eKs=",
        "owner": "nixos",
        "repo": "nixpkgs",
        "rev": "104240a772428cc2e20d8fd86c9ddbb886bbaff2",
        "type": "github"
      },
      "original": {
        "owner": "nixos",
        "ref": "nixpkgs-unstable",
        "repo": "nixpkgs",
        "type": "github"
      }
    },
    "root": {
      "inputs": {
        "anthropic-skills": "anthropic-skills",
        "flake-utils": "flake-utils",
        "matt-pocock-skills": "matt-pocock-skills",
        "nixpkgs": "nixpkgs",
        "superpowers": "superpowers",
        "vercel-skills": "vercel-skills"
      }
    },
    "superpowers": {
      "flake": false,
      "locked": {
        "lastModified": 1784852836,
        "narHash": "sha256-F5LEk0yNWbMpan1vZSFZM76XSpsFGvA7h8q6Idrvenk=",
        "owner": "obra",
        "repo": "superpowers",
        "rev": "3dcbd5c4b48e02263fbf4a3c01e3fe4f81d584d9",
        "type": "github"
      },
      "original": {
        "owner": "obra",
        "ref": "v6.2.0",
        "repo": "superpowers",
        "type": "github"
      }
    },
    "systems": {
      "locked": {
        "lastModified": 1681028828,
        "narHash": "sha256-Vy1rq5AaRuLzOxct8nz4T6wlgyUR7zLU309k9mBC768=",
        "owner": "nix-systems",
        "repo": "default",
        "rev": "da67096a3b9bf56a91d16901293e51ba5b49a27e",
        "type": "github"
      },
      "original": {
        "owner": "nix-systems",
        "repo": "default",
        "type": "github"
      }
    },
    "vercel-skills": {
      "flake": false,
      "locked": {
        "lastModified": 1771617274,
        "narHash": "sha256-6r9qCk96/1Ygrg2QuXUpZy5bPiCAO23GhPRqcg4hUQg=",
        "owner": "vercel-labs",
        "repo": "skills",
        "rev": "e00ad19cd60863bebbbd944a7035b42cfebd8bae",
        "type": "github"
      },
      "original": {
        "owner": "vercel-labs",
        "ref": "v1.4.1",
        "repo": "skills",
        "type": "github"
      }
    }
  },
  "root": "root",
  "version": 7
}
